
Microsoft Visual Studio Solution File, Format Version 12.00
# Visual Studio Version 17
VisualStudioVersion = 17.8.34330.188
MinimumVisualStudioVersion = 10.0.40219.1
Project("{FAE04EC0-301F-11D3-BF4B-00C04F79EFBC}") = "Calc", "Calc\Calc.csproj", "{B073457B-E589-4447-AE3A-EFA1E7D62280}"
EndProject
Global
	GlobalSection(SolutionConfigurationPlatforms) = preSolution
		Debug|Any CPU = Debug|Any CPU
		Release|Any CPU = Release|Any CPU
	EndGlobalSection
	GlobalSection(ProjectConfigurationPlatforms) = postSolution
		{B073457B-E589-4447-AE3A-EFA1E7D62280}.Debug|Any CPU.ActiveCfg = Debug|Any CPU
		{B073457B-E589-4447-AE3A-EFA1E7D62280}.Debug|Any CPU.Build.0 = Debug|Any CPU
		{B073457B-E589-4447-AE3A-EFA1E7D62280}.Release|Any CPU.ActiveCfg = Release|Any CPU
		{B073457B-E589-4447-AE3A-EFA1E7D62280}.Release|Any CPU.Build.0 = Release|Any CPU
	EndGlobalSection
	GlobalSection(SolutionProperties) = preSolution
		HideSolutionNode = FALSE
	EndGlobalSection
	GlobalSection(ExtensibilityGlobals) = postSolution
		SolutionGuid = {B4FA60D4-B6C9-4BA0-A49C-9D8284F34633}
	EndGlobalSection
EndGlobal
